
Microsoft Visual Studio Solution File, Format Version 12.00
# Visual Studio 15
VisualStudioVersion = 15.0.27703.2035
MinimumVisualStudioVersion = 10.0.40219.1
Project("{FAE04EC0-301F-11D3-BF4B-00C04F79EFBC}") = "KasaRacuni", "KasaRacuni.csproj", "{64B0F6B3-C965-4DF9-B820-7640B3FA81F8}"
EndProject
Global
	GlobalSection(SolutionConfigurationPlatforms) = preSolution
		Debug|Any CPU = Debug|Any CPU
		Release|Any CPU = Release|Any CPU
	EndGlobalSection
	GlobalSection(ProjectConfigurationPlatforms) = postSolution
		{64B0F6B3-C965-4DF9-B820-7640B3FA81F8}.Debug|Any CPU.ActiveCfg = Debug|Any CPU
		{64B0F6B3-C965-4DF9-B820-7640B3FA81F8}.Debug|Any CPU.Build.0 = Debug|Any CPU
		{64B0F6B3-C965-4DF9-B820-7640B3FA81F8}.Release|Any CPU.ActiveCfg = Release|Any CPU
		{64B0F6B3-C965-4DF9-B820-7640B3FA81F8}.Release|Any CPU.Build.0 = Release|Any CPU
	EndGlobalSection
	GlobalSection(SolutionProperties) = preSolution
		HideSolutionNode = FALSE
	EndGlobalSection
	GlobalSection(ExtensibilityGlobals) = postSolution
		SolutionGuid = {FD55E495-E34D-4D5A-AFFC-F918A4CD9CD3}
	EndGlobalSection
EndGlobal
